# This file is @generated by PDM.
# It is not intended for manual editing.

[metadata]
groups = ["default"]
strategy = ["inherit_metadata"]
lock_version = "4.5.1"
content_hash = "sha256:9a673f19df9e7c3f8496803e1bd2607c937fbcb368d4cb25b9cef9d7dc81f212"

[[metadata.targets]]
requires_python = "==3.13.*"

[[package]]
name = "aio-pika"
version = "10.0.1"
requires_python = "<4,>=3.11"
summary = "Wrapper around the aiormq for asyncio and humans"
groups = ["default"]
dependencies = [
    "aiormq<8,>=7",
    "yarl",
]
files = [
    {file = "aio_pika-10.0.1-py3-none-any.whl", hash = "sha256:12120a3cf8022d2a8bc5dc89e716512a38bf742c24c5562f54764af27eec7edd"},
    {file = "aio_pika-10.0.1.tar.gz", hash = "sha256:96ec3ef748ca7a25a9d2fa6e511c16c3ffcfa6b1f40ade79b8a5baabba682efd"},
]

[[package]]
name = "aiofiles"
version = "25.1.0"
requires_python = ">=3.9"
summary = "File support for asyncio."
groups = ["default"]
files = [
    {file = "aiofiles-25.1.0-py3-none-any.whl", hash = "sha256:abe311e527c862958650f9438e859c1fa7568a141b22abcd015e120e86a85695"},
    {file = "aiofiles-25.1.0.tar.gz", hash = "sha256:a8d728f0a29de45dc521f18f07297428d56992a742f0cd2701ba86e44d23d5b2"},
]

[[package]]
name = "aiormq"
version = "7.0.0"
requires_python = "<4,>=3.11"
summary = "Pure python AMQP asynchronous client library"
groups = ["default"]
dependencies = [
    "pamqp<5,>=4",
    "yarl",
]
files = [
    {file = "aiormq-7.0.0-py3-none-any.whl", hash = "sha256:df49bb2282e5374a28507c4c43948e8c8e5321590f2998781c2d90a34e100789"},
    {file = "aiormq-7.0.0.tar.gz", hash = "sha256:f524121f1afbb875f50235b2748f81331e3be47542ee600e83c321c4e97ea168"},
]

[[package]]
name = "anyio"
version = "4.15.1"
requires_python = ">=3.10"
summary = "High-level concurrency and networking framework on top of asyncio or Trio"
groups = ["default"]
marker = "sys_platform != \"emscripten\""
dependencies = [
    "exceptiongroup>=1.0.2; python_version < \"3.11\"",
    "idna>=2.8",
    "typing-extensions>=4.16.0; python_version < \"3.15\"",
]
files = [
    {file = "anyio-4.15.1-py3-none-any.whl", hash = "sha256:6152fdbbf9a77fdec97731721bebf7c4c44f7c29b424b0065826173efc7ed101"},
    {file = "anyio-4.15.1.tar.gz", hash = "sha256:9f28306018cbd6d329e64a36d58256edff76dd996fe423bc957326e578b82a94"},
]

[[package]]
name = "argon2-cffi"
version = "25.1.0"
requires_python = ">=3.8"
summary = "Argon2 for Python"
groups = ["default"]
dependencies = [
    "argon2-cffi-bindings",
]
files = [
    {file = "argon2_cffi-25.1.0-py3-none-any.whl", hash = "sha256:fdc8b074db390fccb6eb4a3604ae7231f219aa669a2652e0f20e16ba513d5741"},
    {file = "argon2_cffi-25.1.0.tar.gz", hash = "sha256:694ae5cc8a42f4c4e2bf2ca0e64e51e23a040c6a517a85074683d3959e1346c1"},
]

[[package]]
name = "argon2-cffi-bindings"
version = "26.1.0"
requires_python = ">=3.10"
summary = "Low-level CFFI bindings for Argon2"
groups = ["default"]
dependencies = [
    "cffi>=1.0.1; python_version < \"3.14\"",
    "cffi>=2; python_version >= \"3.14\"",
]
files = [
    {file = "argon2_cffi_bindings-26.1.0-cp310-abi3-macosx_11_0_arm64.whl", hash = "sha256:21ca0396fe5ec995dd54431c32698189666f9224810acfa752e50d2bd94d9df2"},
    {file = "argon2_cffi_bindings-26.1.0-cp310-abi3-manylinux_2_26_aarch64.manylinux_2_28_aarch64.whl", hash = "sha256:78de2d65e0b9ea7ce9d1b1c3e87297b2d7305a02c266ee2a2d6910daddd7ee69"},
    {file = "argon2_cffi_bindings-26.1.0-cp310-abi3-manylinux_2_26_x86_64.manylinux_2_28_x86_64.whl", hash = "sha256:27f1821903e2ceadcb88ec2b45ef190897b7682449c772f4d9b53e42c520cf29"},
    {file = "argon2_cffi_bindings-26.1.0-cp310-abi3-manylinux_2_34_riscv64.manylinux_2_39_riscv64.whl", hash = "sha256:d88e5f7e60f28ae0b0cc6b2f16c43e87cd642a196a86f85e0d8bb6fe016fc16d"},
    {file = "argon2_cffi_bindings-26.1.0-cp310-abi3-musllinux_1_2_aarch64.whl", hash = "sha256:34b7d9c24a4165a2c61cc8ae11d44d48c9ce2830fb536cb7914e11fdd9962728"},
    {file = "argon2_cffi_bindings-26.1.0-cp310-abi3-musllinux_1_2_riscv64.whl", hash = "sha256:224865cbbcb7a2bd1356741dff12b0134df726b6d44bb7b500df8e303cbd9e81"},
    {file = "argon2_cffi_bindings-26.1.0-cp310-abi3-musllinux_1_2_x86_64.whl", hash = "sha256:ffff613aaa9ce6236766e2fc6dc560bb5abde7a2e2416e3db1f9ae395a2b4dd4"},
    {file = "argon2_cffi_bindings-26.1.0-cp310-abi3-win32.whl", hash = "sha256:a86c069c91a747a2c4e5c51473590aeb48172fff9b2130d23729a42d98665ecb"},
    {file = "argon2_cffi_bindings-26.1.0-cp310-abi3-win_amd64.whl", hash = "sha256:2c36ff87b5dfaa477d0bd51e9d7f6abdae7c8955d2983c97419085d842154b3e"},
    {file = "argon2_cffi_bindings-26.1.0-cp310-abi3-win_arm64.whl", hash = "sha256:f9c4420a7a864fe1b86ce35befc95b8e39fb852493b81cf798671ddc265de638"},
    {file = "argon2_cffi_bindings-26.1.0-cp313-cp313-pyemscripten_2025_0_wasm32.whl", hash = "sha256:af11ac37a7c53dc16cb7950a6190851b0870fe218b6c60c0bb7ac355234e3083"},
    {file = "argon2_cffi_bindings-26.1.0.tar.gz", hash = "sha256:63505c71542a44b68b1e38060450fb006404170da375feb31af153e7f9c6205d"},
]

[[package]]
name = "cffi"
version = "2.1.1"
requires_python = ">=3.10"
summary = "Foreign Function Interface for Python calling C code."
groups = ["default"]
marker = "python_version < \"3.14\""
dependencies = [
    "pycparser; implementation_name != \"PyPy\"",
]
files = [
    {file = "cffi-2.1.1-cp313-cp313-ios_13_0_arm64_iphoneos.whl", hash = "sha256:b5bdfd1c873d4e093aabc0ca84c4ca6dbc4f752afb5c86f146d9742580c9da2e"},
    {file = "cffi-2.1.1-cp313-cp313-ios_13_0_arm64_iphonesimulator.whl", hash = "sha256:31348097ff5bbe827ccc41795d4dd099d9f0625e7def00ee653c137a490c2a6c"},
    {file = "cffi-2.1.1-cp313-cp313-macosx_10_15_x86_64.whl", hash = "sha256:9d2055050ea716bd38b7f7f1579c275386646b4894c155a3e2f3cd62ed41b7c6"},
    {file = "cffi-2.1.1-cp313-cp313-macosx_11_0_arm64.whl", hash = "sha256:19ee6127ee34de7d83ce3d371ebc5ed91addbdcc39f9ab15ce4eb35a4e534971"},
    {file = "cffi-2.1.1-cp313-cp313-manylinux1_i686.manylinux2014_i686.manylinux_2_17_i686.manylinux_2_5_i686.whl", hash = "sha256:6a8dddef476fab96d066d578fc88526767b836ab5ab21754e1d5bf3879c31c7c"},
    {file = "cffi-2.1.1-cp313-cp313-manylinux2014_aarch64.manylinux_2_17_aarch64.whl", hash = "sha256:f16c709686a78c727bbbf059f92b0bf41c6fc60deec706d2dc19f529175a6125"},
    {file = "cffi-2.1.1-cp313-cp313-manylinux2014_ppc64le.manylinux_2_17_ppc64le.whl", hash = "sha256:fcd22650c908d7b7da162bbfaab594a1227a15d1643a98c68b122ac642fa2264"},
    {file = "cffi-2.1.1-cp313-cp313-manylinux2014_s390x.manylinux_2_17_s390x.whl", hash = "sha256:aa9511c62d14da7aacc9b4bf51f3f697a621e83b2d6919008243c3aad168eea3"},
    {file = "cffi-2.1.1-cp313-cp313-manylinux2014_x86_64.manylinux_2_17_x86_64.whl", hash = "sha256:a931079504ecc49efed7744c476a5c343a92fabf66dec2db95edb1b2fdc770e2"},
    {file = "cffi-2.1.1-cp313-cp313-musllinux_1_2_aarch64.whl", hash = "sha256:a2d7755bef5a12ed488f4ef1f1b69ee9191d7396083b755a5d2295f6edb4768b"},
    {file = "cffi-2.1.1-cp313-cp313-musllinux_1_2_x86_64.whl", hash = "sha256:e0bcb7e0f677f543555d2adff3bf19c05f66cdb4796e5ff602442ab2fe3c4ef7"},
    {file = "cffi-2.1.1-cp313-cp313-win32.whl", hash = "sha256:334644fbac4eff73d985a17a91226df55d0f394160c4cfb880e084c8f7161cac"},
    {file = "cffi-2.1.1-cp313-cp313-win_amd64.whl", hash = "sha256:1aa5645c30469b09530c4ebca77ebf8f17618293c58f8549cb1a543a50236e7d"},
    {file = "cffi-2.1.1-cp313-cp313-win_arm64.whl", hash = "sha256:63bbfd5ded17c4840ac07cd8f1c21ba9d9708141f840b324f422f41b207e3973"},
    {file = "cffi-2.1.1.tar.gz", hash = "sha256:dd31f52ea1086513bb9df30f8fcee9b8918323ae067a3d5b78bc826a000712be"},
]

[[package]]
name = "flatbuffers"
version = "25.12.19"
summary = "The FlatBuffers serialization format for Python"
groups = ["default"]
files = [
    {file = "flatbuffers-25.12.19-py2.py3-none-any.whl", hash = "sha256:7634f50c427838bb021c2d66a3d1168e9d199b0607e6329399f04846d42e20b4"},
]

[[package]]
name = "h11"
version = "0.16.0"
requires_python = ">=3.8"
summary = "A pure-Python, bring-your-own-I/O implementation of HTTP/1.1"
groups = ["default"]
marker = "sys_platform != \"emscripten\""
files = [
    {file = "h11-0.16.0-py3-none-any.whl", hash = "sha256:63cf8bbe7522de3bf65932fda1d9c2772064ffb3dae62d55932da54b31cb6c86"},
    {file = "h11-0.16.0.tar.gz", hash = "sha256:4e35b956cf45792e4caa5885e69fba00bdbc6ffafbfa020300e549b208ee5ff1"},
]

[[package]]
name = "html5tagger"
version = "2.0.0"
requires_python = ">=3.10"
summary = "Pythonic HTML generation/templating (no template files)"
groups = ["default"]
files = [
    {file = "html5tagger-2.0.0-py3-none-any.whl", hash = "sha256:c7a46fa74c81fdbd33b7e4a9630f4d592ec818181fc58702585e9bad0b76f891"},
    {file = "html5tagger-2.0.0.tar.gz", hash = "sha256:0dee3c9054443930e9a3225edcc810b6df76c0aeabfee463e9437a90a1ac1624"},
]

[[package]]
name = "httpcore2"
version = "2.12.0"
requires_python = ">=3.10"
summary = "A minimal low-level HTTP client."
groups = ["default"]
marker = "sys_platform != \"emscripten\""
dependencies = [
    "h11>=0.16",
    "truststore>=0.10",
]
files = [
    {file = "httpcore2-2.12.0-py3-none-any.whl", hash = "sha256:7e04258ce01013d7d615e5b910a3b27fac937d7a95038227e79652b4ba3b4ceb"},
    {file = "httpcore2-2.12.0.tar.gz", hash = "sha256:9293522bba0aa7c4c8e9e3f040c16575bd8868e155a77fa30c7a9085a5eae648"},
]

[[package]]
name = "httptools"
version = "0.8.0"
requires_python = ">=3.9"
summary = "A collection of framework independent HTTP protocol utils."
groups = ["default"]
files = [
    {file = "httptools-0.8.0-cp313-cp313-macosx_10_13_universal2.whl", hash = "sha256:614ceea8ea606848bece2338ac03b3ce5324bcb4be8dc7d377ed708012fa4db8"},
    {file = "httptools-0.8.0-cp313-cp313-macosx_11_0_arm64.whl", hash = "sha256:2d689918c15a013c65ef52d9fd495d766893ab831a2c8d89f2ac5940a5df847c"},
    {file = "httptools-0.8.0-cp313-cp313-manylinux1_x86_64.manylinux_2_28_x86_64.manylinux_2_5_x86_64.whl", hash = "sha256:eb3028cca2fc0a6d720e52ef61d8ebb62fcbfeb1de56874546d858d3f25a26b7"},
    {file = "httptools-0.8.0-cp313-cp313-manylinux2014_aarch64.manylinux_2_17_aarch64.manylinux_2_28_aarch64.whl", hash = "sha256:88bdd940f2b5d487b4d032c6afa5489a7dc4694410d43de3c38c4fb3af0dc45d"},
    {file = "httptools-0.8.0-cp313-cp313-musllinux_1_2_aarch64.whl", hash = "sha256:6a43c9dd399758ccc0531acb0a3c4a6c299ee893ee9400e9c893b7bdcfae0681"},
    {file = "httptools-0.8.0-cp313-cp313-musllinux_1_2_x86_64.whl", hash = "sha256:0770728beb05094c809b98e814edff5fef69d26ad7d21185f2f6d5884a0ba683"},
    {file = "httptools-0.8.0-cp313-cp313-win_amd64.whl", hash = "sha256:7685df791fad561384bfb139e77fde27a1ffd93134e016f95a0db424ffbf77b1"},
    {file = "httptools-0.8.0.tar.gz", hash = "sha256:6b2a32f18d97e16e90827d7a819ffa8dbd8cc245fc4e1fa9d1095b54ef4bd999"},
]

[[package]]
name = "httpx2"
version = "2.12.0"
requires_python = ">=3.10"
summary = "The next generation HTTP client."
groups = ["default"]
dependencies = [
    "anyio>=4.10; sys_platform != \"emscripten\"",
    "httpcore2==2.12.0; sys_platform != \"emscripten\"",
    "httpx2-jsfetch; sys_platform == \"emscripten\" and python_version >= \"3.12\"",
    "idna>=3.18",
    "truststore>=0.10; sys_platform != \"emscripten\"",
    "typing-extensions>=4.5.0; python_version < \"3.13\"",
]
files = [
    {file = "httpx2-2.12.0-py3-none-any.whl", hash = "sha256:cc8b6eecb8661c146b8f89a60e97456ee086e91a784ed31ac450c3a9e613dd36"},
    {file = "httpx2-2.12.0.tar.gz", hash = "sha256:7631fe9887a8a2275f4a2540e053aa670fcc50742864a9ae7c66e609fdcf12cf"},
]

[[package]]
name = "httpx2-jsfetch"
version = "1.0"
requires_python = ">=3.12"
summary = "httpx2 transports for Emscripten/Pyodide, backed by the JavaScript fetch API."
groups = ["default"]
marker = "sys_platform == \"emscripten\" and python_version >= \"3.12\""
files = [
    {file = "httpx2_jsfetch-1.0-py3-none-any.whl", hash = "sha256:cb916b707601e69a07721aabc8f3f6659be3a6893bc1ff5c6f9e02241df2da32"},
    {file = "httpx2_jsfetch-1.0.tar.gz", hash = "sha256:70a0e3eabfef7cce5ad9c629f7d01ca05e418f586646f4ddf14782e4c1454c60"},
]

[[package]]
name = "idna"
version = "3.19"
requires_python = ">=3.9"
summary = "Internationalized Domain Names in Applications (IDNA)"
groups = ["default"]
files = [
    {file = "idna-3.19-py3-none-any.whl", hash = "sha256:815e7be7a7806d54abb586dc943addc79e8b2ee16915059658cbeff4b1b43bf4"},
    {file = "idna-3.19.tar.gz", hash = "sha256:5e0811a4383b21dc5838069f801c4fb62113b7447663d2530d2bd6e77b49bf15"},
]

[[package]]
name = "multidict"
version = "6.7.1"
requires_python = ">=3.9"
summary = "multidict implementation"
groups = ["default"]
dependencies = [
    "typing-extensions>=4.1.0; python_version < \"3.11\"",
]
files = [
    {file = "multidict-6.7.1-cp313-cp313-macosx_10_13_universal2.whl", hash = "sha256:2b41f5fed0ed563624f1c17630cb9941cf2309d4df00e494b551b5f3e3d67a23"},
    {file = "multidict-6.7.1-cp313-cp313-macosx_10_13_x86_64.whl", hash = "sha256:84e61e3af5463c19b67ced91f6c634effb89ef8bfc5ca0267f954451ed4bb6a2"},
    {file = "multidict-6.7.1-cp313-cp313-macosx_11_0_arm64.whl", hash = "sha256:935434b9853c7c112eee7ac891bc4cb86455aa631269ae35442cb316790c1445"},
    {file = "multidict-6.7.1-cp313-cp313-manylinux1_i686.manylinux_2_28_i686.manylinux_2_5_i686.whl", hash = "sha256:432feb25a1cb67fe82a9680b4d65fb542e4635cb3166cd9c01560651ad60f177"},
    {file = "multidict-6.7.1-cp313-cp313-manylinux2014_aarch64.manylinux_2_17_aarch64.manylinux_2_28_aarch64.whl", hash = "sha256:e82d14e3c948952a1a85503817e038cba5905a3352de76b9a465075d072fba23"},
    {file = "multidict-6.7.1-cp313-cp313-manylinux2014_armv7l.manylinux_2_17_armv7l.manylinux_2_31_armv7l.whl", hash = "sha256:4cfb48c6ea66c83bcaaf7e4dfa7ec1b6bbcf751b7db85a328902796dfde4c060"},
    {file = "multidict-6.7.1-cp313-cp313-manylinux2014_ppc64le.manylinux_2_17_ppc64le.manylinux_2_28_ppc64le.whl", hash = "sha256:1d540e51b7e8e170174555edecddbd5538105443754539193e3e1061864d444d"},
    {file = "multidict-6.7.1-cp313-cp313-manylinux2014_s390x.manylinux_2_17_s390x.manylinux_2_28_s390x.whl", hash = "sha256:273d23f4b40f3dce4d6c8a821c741a86dec62cded82e1175ba3d99be128147ed"},
    {file = "multidict-6.7.1-cp313-cp313-manylinux2014_x86_64.manylinux_2_17_x86_64.manylinux_2_28_x86_64.whl", hash = "sha256:9d624335fd4fa1c08a53f8b4be7676ebde19cd092b3895c421045ca87895b429"},
    {file = "multidict-6.7.1-cp313-cp313-musllinux_1_2_aarch64.whl", hash = "sha256:12fad252f8b267cc75b66e8fc51b3079604e8d43a75428ffe193cd9e2195dfd6"},
    {file = "multidict-6.7.1-cp313-cp313-musllinux_1_2_armv7l.whl", hash = "sha256:03ede2a6ffbe8ef936b92cb4529f27f42be7f56afcdab5ab739cd5f27fb1cbf9"},
    {file = "multidict-6.7.1-cp313-cp313-musllinux_1_2_i686.whl", hash = "sha256:90efbcf47dbe33dcf643a1e400d67d59abeac5db07dc3f27d6bdeae497a2198c"},
    {file = "multidict-6.7.1-cp313-cp313-musllinux_1_2_ppc64le.whl", hash = "sha256:5c4b9bfc148f5a91be9244d6264c53035c8a0dcd2f51f1c3c6e30e30ebaa1c84"},
    {file = "multidict-6.7.1-cp313-cp313-musllinux_1_2_s390x.whl", hash = "sha256:401c5a650f3add2472d1d288c26deebc540f99e2fb83e9525007a74cd2116f1d"},
    {file = "multidict-6.7.1-cp313-cp313-musllinux_1_2_x86_64.whl", hash = "sha256:97891f3b1b3ffbded884e2916cacf3c6fc87b66bb0dde46f7357404750559f33"},
    {file = "multidict-6.7.1-cp313-cp313-win32.whl", hash = "sha256:e1c5988359516095535c4301af38d8a8838534158f649c05dd1050222321bcb3"},
    {file = "multidict-6.7.1-cp313-cp313-win_amd64.whl", hash = "sha256:960c83bf01a95b12b08fd54324a4eb1d5b52c88932b5cba5d6e712bb3ed12eb5"},
    {file = "multidict-6.7.1-cp313-cp313-win_arm64.whl", hash = "sha256:563fe25c678aaba333d5399408f5ec3c383ca5b663e7f774dd179a520b8144df"},
    {file = "multidict-6.7.1-cp313-cp313t-macosx_10_13_universal2.whl", hash = "sha256:c76c4bec1538375dad9d452d246ca5368ad6e1c9039dadcf007ae59c70619ea1"},
    {file = "multidict-6.7.1-cp313-cp313t-macosx_10_13_x86_64.whl", hash = "sha256:57b46b24b5d5ebcc978da4ec23a819a9402b4228b8a90d9c656422b4bdd8a963"},
    {file = "multidict-6.7.1-cp313-cp313t-macosx_11_0_arm64.whl", hash = "sha256:e954b24433c768ce78ab7929e84ccf3422e46deb45a4dc9f93438f8217fa2d34"},
    {file = "multidict-6.7.1-cp313-cp313t-manylinux1_i686.manylinux_2_28_i686.manylinux_2_5_i686.whl", hash = "sha256:3bd231490fa7217cc832528e1cd8752a96f0125ddd2b5749390f7c3ec8721b65"},
    {file = "multidict-6.7.1-cp313-cp313t-manylinux2014_aarch64.manylinux_2_17_aarch64.manylinux_2_28_aarch64.whl", hash = "sha256:253282d70d67885a15c8a7716f3a73edf2d635793ceda8173b9ecc21f2fb8292"},
    {file = "multidict-6.7.1-cp313-cp313t-manylinux2014_armv7l.manylinux_2_17_armv7l.manylinux_2_31_armv7l.whl", hash = "sha256:0b4c48648d7649c9335cf1927a8b87fa692de3dcb15faa676c6a6f1f1aabda43"},
    {file = "multidict-6.7.1-cp313-cp313t-manylinux2014_ppc64le.manylinux_2_17_ppc64le.manylinux_2_28_ppc64le.whl", hash = "sha256:98bc624954ec4d2c7cb074b8eefc2b5d0ce7d482e410df446414355d158fe4ca"},
    {file = "multidict-6.7.1-cp313-cp313t-manylinux2014_s390x.manylinux_2_17_s390x.manylinux_2_28_s390x.whl", hash = "sha256:1b99af4d9eec0b49927b4402bcbb58dea89d3e0db8806a4086117019939ad3dd"},
    {file = "multidict-6.7.1-cp313-cp313t-manylinux2014_x86_64.manylinux_2_17_x86_64.manylinux_2_28_x86_64.whl", hash = "sha256:6aac4f16b472d5b7dc6f66a0d49dd57b0e0902090be16594dc9ebfd3d17c47e7"},
    {file = "multidict-6.7.1-cp313-cp313t-musllinux_1_2_aarch64.whl", hash = "sha256:21f830fe223215dffd51f538e78c172ed7c7f60c9b96a2bf05c4848ad49921c3"},
    {file = "multidict-6.7.1-cp313-cp313t-musllinux_1_2_armv7l.whl", hash = "sha256:f5dd81c45b05518b9aa4da4aa74e1c93d715efa234fd3e8a179df611cc85e5f4"},
    {file = "multidict-6.7.1-cp313-cp313t-musllinux_1_2_i686.whl", hash = "sha256:eb304767bca2bb92fb9c5bd33cedc95baee5bb5f6c88e63706533a1c06ad08c8"},
    {file = "multidict-6.7.1-cp313-cp313t-musllinux_1_2_ppc64le.whl", hash = "sha256:c9035dde0f916702850ef66460bc4239d89d08df4d02023a5926e7446724212c"},
    {file = "multidict-6.7.1-cp313-cp313t-musllinux_1_2_s390x.whl", hash = "sha256:af959b9beeb66c822380f222f0e0a1889331597e81f1ded7f374f3ecb0fd6c52"},
    {file = "multidict-6.7.1-cp313-cp313t-musllinux_1_2_x86_64.whl", hash = "sha256:41f2952231456154ee479651491e94118229844dd7226541788be783be2b5108"},
    {file = "multidict-6.7.1-cp313-cp313t-win32.whl", hash = "sha256:df9f19c28adcb40b6aae30bbaa1478c389efd50c28d541d76760199fc1037c32"},
    {file = "multidict-6.7.1-cp313-cp313t-win_amd64.whl", hash = "sha256:d54ecf9f301853f2c5e802da559604b3e95bb7a3b01a9c295c6ee591b9882de8"},
    {file = "multidict-6.7.1-cp313-cp313t-win_arm64.whl", hash = "sha256:5a37ca18e360377cfda1d62f5f382ff41f2b8c4ccb329ed974cc2e1643440118"},
    {file = "multidict-6.7.1-py3-none-any.whl", hash = "sha256:55d97cc6dae627efa6a6e548885712d4864b81110ac76fa4e534c03819fa4a56"},
    {file = "multidict-6.7.1.tar.gz", hash = "sha256:ec6652a1bee61c53a3e5776b6049172c53b6aaba34f18c9ad04f82712bac623d"},
]

[[package]]
name = "pamqp"
version = "4.0.1"
requires_python = ">=3.11"
summary = "RabbitMQ Focused AMQP low-level library"
groups = ["default"]
files = [
    {file = "pamqp-4.0.1-py3-none-any.whl", hash = "sha256:a547f45128b06e42ce8d7a739b0cfcc40f2c724770622eaaff4a3f587b1cf7d0"},
    {file = "pamqp-4.0.1.tar.gz", hash = "sha256:9dd13b828e346622793981f14a5df817fce5de998c746209d6c0154eb8403970"},
]

[[package]]
name = "propcache"
version = "0.5.2"
requires_python = ">=3.10"
summary = "Accelerated property cache"
groups = ["default"]
files = [
    {file = "propcache-0.5.2-cp313-cp313-macosx_10_13_universal2.whl", hash = "sha256:099aaf4b4d1a02265b92a977edf00b5c4f63b3b17ac6de39b0d637c9cac0188a"},
    {file = "propcache-0.5.2-cp313-cp313-macosx_10_13_x86_64.whl", hash = "sha256:68ce1c44c7a813a7f71ea04315a8c7b330b63db99d059a797a4651bb6f69f117"},
    {file = "propcache-0.5.2-cp313-cp313-macosx_11_0_arm64.whl", hash = "sha256:fc299c129490f55f254cd90be0deca4764e36e9a7c08b4aa588479a3bbed3098"},
    {file = "propcache-0.5.2-cp313-cp313-manylinux2014_aarch64.manylinux_2_17_aarch64.manylinux_2_28_aarch64.whl", hash = "sha256:a6ae2198be502c10f09b2516e7b5d019816924bc3183a43ce792a7bd6625e6f4"},
    {file = "propcache-0.5.2-cp313-cp313-manylinux2014_ppc64le.manylinux_2_17_ppc64le.manylinux_2_28_ppc64le.whl", hash = "sha256:6041d31504dc1779d700e1edcfb08eea334b357620b06681a4eabb57a74e574e"},
    {file = "propcache-0.5.2-cp313-cp313-manylinux2014_s390x.manylinux_2_17_s390x.manylinux_2_28_s390x.whl", hash = "sha256:f7eabc04151c78a9f4d5bbb5f1faf571e4defeb4b585e0fe95b60ff2dbe4d3d7"},
    {file = "propcache-0.5.2-cp313-cp313-manylinux2014_x86_64.manylinux_2_17_x86_64.manylinux_2_28_x86_64.whl", hash = "sha256:4db0ba63d693afd40d249bd93f842b5f144f8fcbb83de05660373bcf30517b1d"},
    {file = "propcache-0.5.2-cp313-cp313-manylinux_2_31_riscv64.manylinux_2_39_riscv64.whl", hash = "sha256:1dbcf7675229b35d31abb6547d8ebc8c27a830ac3f9a794edff6254873ec7c0a"},
    {file = "propcache-0.5.2-cp313-cp313-musllinux_1_2_aarch64.whl", hash = "sha256:d310c013aad2c72f1c3f2f8dd3279d460a858c551f97aeb8c63e4693cca7b4d2"},
    {file = "propcache-0.5.2-cp313-cp313-musllinux_1_2_armv7l.whl", hash = "sha256:06187263ddad280d05b4d8a8b3bb7d164cbebd469236544a42e6d9b28ac6a4fa"},
    {file = "propcache-0.5.2-cp313-cp313-musllinux_1_2_ppc64le.whl", hash = "sha256:3115559b8effafd63b142ea5ed53d63a16ea6469cbc63dce4ee194b42db5d853"},
    {file = "propcache-0.5.2-cp313-cp313-musllinux_1_2_riscv64.whl", hash = "sha256:c60462af8e6dc30c35407c7237ea908d777b22862bbee27bc4699c0d8bcdc45a"},
    {file = "propcache-0.5.2-cp313-cp313-musllinux_1_2_s390x.whl", hash = "sha256:40314bca9ac559716fe374094fc81c11dcc34b64fd6c585360f5775690505704"},
    {file = "propcache-0.5.2-cp313-cp313-musllinux_1_2_x86_64.whl", hash = "sha256:cfa21e036ce1e1db2be04ba3b85d2df1bb1702fa01932d984c5464c665228ff4"},
    {file = "propcache-0.5.2-cp313-cp313-win32.whl", hash = "sha256:f156a3529f38063b6dbaf356e15602a7f95f8055b1295a438433a6386f10463d"},
    {file = "propcache-0.5.2-cp313-cp313-win_amd64.whl", hash = "sha256:dfed59d0a5aeb01e242e66ff0300bc4a265a7c05f612d30016f0b60b1017d757"},
    {file = "propcache-0.5.2-cp313-cp313-win_arm64.whl", hash = "sha256:ba338430e87ceb9c8f0cf754de38a9860560261e56c00376debd628698a7364f"},
    {file = "propcache-0.5.2-cp313-cp313t-macosx_10_13_universal2.whl", hash = "sha256:a592f5f3da71c8691c788c13cb6734b6d17663d2e1cb8caddf0673d01ef8847d"},
    {file = "propcache-0.5.2-cp313-cp313t-macosx_10_13_x86_64.whl", hash = "sha256:6a997d0489e9668a384fcfd5061b857aa5361de73191cac204d04b889cfbbafa"},
    {file = "propcache-0.5.2-cp313-cp313t-macosx_11_0_arm64.whl", hash = "sha256:10734b5484ea113152ee25a91dccedf81631791805d2c9ccb054958e51842c94"},
    {file = "propcache-0.5.2-cp313-cp313t-manylinux2014_aarch64.manylinux_2_17_aarch64.manylinux_2_28_aarch64.whl", hash = "sha256:cafca7e56c12bb02ae16d283742bef25a61122e9dab2b5b3f2ccbe589ce32164"},
    {file = "propcache-0.5.2-cp313-cp313t-manylinux2014_ppc64le.manylinux_2_17_ppc64le.manylinux_2_28_ppc64le.whl", hash = "sha256:f064f8d2b59177878b7615df1735cd8fe3462ed6be8c7b217d17a276489c2b7f"},
    {file = "propcache-0.5.2-cp313-cp313t-manylinux2014_s390x.manylinux_2_17_s390x.manylinux_2_28_s390x.whl", hash = "sha256:f78abfa8dfc32376fd1aacf597b2f2fbbe0ea751419aee718af5d4f82537ef8c"},
    {file = "propcache-0.5.2-cp313-cp313t-manylinux2014_x86_64.manylinux_2_17_x86_64.manylinux_2_28_x86_64.whl", hash = "sha256:f7467da8a9822bf1a55336f877340c5bcbd3c482afc43a99771169f74a26dedc"},
    {file = "propcache-0.5.2-cp313-cp313t-manylinux_2_31_riscv64.manylinux_2_39_riscv64.whl", hash = "sha256:a6ddc6ac9e25de626c1f129c1b467d7ecd33ce2237d3fd0c4e429feef0a7ee1f"},
    {file = "propcache-0.5.2-cp313-cp313t-musllinux_1_2_aarch64.whl", hash = "sha256:2f22cbbac9e26a8e864c0985ff1268d5d939d53d9d9411a9824279097e03a2cb"},
    {file = "propcache-0.5.2-cp313-cp313t-musllinux_1_2_armv7l.whl", hash = "sha256:fc76378c62a0f04d0cd82fbb1a2cd2d7e28fcb40d5873f28a6c44e388aaa2751"},
    {file = "propcache-0.5.2-cp313-cp313t-musllinux_1_2_ppc64le.whl", hash = "sha256:acd2c8edba48e31e58a363b8cf4e5c7db3b04b3f9e371f601df30d9b0d244836"},
    {file = "propcache-0.5.2-cp313-cp313t-musllinux_1_2_riscv64.whl", hash = "sha256:452b5065457eb9991ec5eb38ff41d6cd4c991c9ac7c531c4d5849ae473a9a13f"},
    {file = "propcache-0.5.2-cp313-cp313t-musllinux_1_2_s390x.whl", hash = "sha256:3430bb2bfe1331885c427745a751e774ee679fd4344f80b97bf879815fe8fa55"},
    {file = "propcache-0.5.2-cp313-cp313t-musllinux_1_2_x86_64.whl", hash = "sha256:cef6cea3922890dd6c9654971001fa797b526c16ab5e1e46c05fd6f877be7568"},
    {file = "propcache-0.5.2-cp313-cp313t-win32.whl", hash = "sha256:72d61e16dd78228b58c5d47be830ff3da7e5f139abdf0aef9d86cde1c5cf2191"},
    {file = "propcache-0.5.2-cp313-cp313t-win_amd64.whl", hash = "sha256:0958834041a0166d343b8d2cedcd8bcbaeb4fdbe0cf08320c5379f143c3be6e7"},
    {file = "propcache-0.5.2-cp313-cp313t-win_arm64.whl", hash = "sha256:6de8bd93ddde9b992cf2b2e0d796d501a19026b5b9fd87356d7d0779531a8d96"},
    {file = "propcache-0.5.2-py3-none-any.whl", hash = "sha256:be1ddfcbb376e3de5d2e2db1d58d6d67463e6b4f9f040c000de8e300295465fe"},
    {file = "propcache-0.5.2.tar.gz", hash = "sha256:01c4fc7480cd0598bb4b57022df55b9ca296da7fc5a8760bd8451a7e63a7d427"},
]

[[package]]
name = "pycparser"
version = "3.0"
requires_python = ">=3.10"
summary = "C parser in Python"
groups = ["default"]
marker = "implementation_name != \"PyPy\" and python_version < \"3.14\""
files = [
    {file = "pycparser-3.0-py3-none-any.whl", hash = "sha256:b727414169a36b7d524c1c3e31839a521725078d7b2ff038656844266160a992"},
    {file = "pycparser-3.0.tar.gz", hash = "sha256:600f49d217304a5902ac3c37e1281c9fe94e4d0489de643a9504c5cdfdfc6b29"},
]

[[package]]
name = "pylibmc"
version = "1.6.3"
requires_python = ">=3.6"
summary = "Quick and small memcached client for Python"
groups = ["default"]
files = [
    {file = "pylibmc-1.6.3.tar.gz", hash = "sha256:eefa46115537abad65fbe2e032acd1b3463d9bf9e335af4b0916df4e4d3206e0"},
]

[[package]]
name = "sanic"
version = "25.12.1"
requires_python = ">=3.10"
summary = "A web server and web framework that's written to go fast. Build fast. Run fast."
groups = ["default"]
dependencies = [
    "aiofiles>=0.6.0",
    "html5tagger>=1.2.1",
    "httptools>=0.0.10",
    "multidict<7.0,>=5.0",
    "sanic-routing>=23.12.0",
    "setuptools>=70.1.0",
    "tracerite>=2.2.0",
    "typing-extensions>=4.4.0",
    "ujson>=1.35; sys_platform != \"win32\" and implementation_name == \"cpython\"",
    "uvloop>=0.15.0; sys_platform != \"win32\" and implementation_name == \"cpython\"",
    "websockets>=10.0",
]
files = [
    {file = "sanic-25.12.1-py3-none-any.whl", hash = "sha256:3874f1fe0442e3b12ce4a3f6524f676d5d3c43839c6a4967d1b82fd8db53c0f3"},
    {file = "sanic-25.12.1.tar.gz", hash = "sha256:7b51bf608e4030f06a6c002cd08fed2872e4936527e63c9a8a97d5cd06a2b47f"},
]

[[package]]
name = "sanic-routing"
version = "23.12.0"
summary = "Core routing component for Sanic"
groups = ["default"]
files = [
    {file = "sanic-routing-23.12.0.tar.gz", hash = "sha256:1dcadc62c443e48c852392dba03603f9862b6197fc4cba5bbefeb1ace0848b04"},
    {file = "sanic_routing-23.12.0-py3-none-any.whl", hash = "sha256:1558a72afcb9046ed3134a5edae02fc1552cff08f0fff2e8d5de0877ea43ed73"},
]

[[package]]
name = "setuptools"
version = "84.0.0"
requires_python = ">=3.10"
summary = "Most extensible Python build backend with support for C/C++ extension modules"
groups = ["default"]
files = [
    {file = "setuptools-84.0.0-py3-none-any.whl", hash = "sha256:51a52592b3b99e102b609654876bd65f19f999935166d1352678931132b0c670"},
    {file = "setuptools-84.0.0.tar.gz", hash = "sha256:f4695c21257f0d9b537ec2692c941d02ee143b7cc1276941349a546573b2ef73"},
]

[[package]]
name = "tracerite"
version = "2.6.5"
requires_python = ">=3.10"
summary = "Human-readable HTML tracebacks for Python exceptions"
groups = ["default"]
dependencies = [
    "html5tagger>=2.0.0",
]
files = [
    {file = "tracerite-2.6.5-py3-none-any.whl", hash = "sha256:0de23ea33cede6a905448bf0bd5fa869c4d950d06a3595693eebe55e44070f15"},
    {file = "tracerite-2.6.5.tar.gz", hash = "sha256:e9ee648cf556aa7dbf0298c822a58ce33f9658b927db900fab72f1742146b695"},
]

[[package]]
name = "truststore"
version = "0.10.4"
requires_python = ">=3.10"
summary = "Verify certificates using native system trust stores"
groups = ["default"]
marker = "sys_platform != \"emscripten\""
files = [
    {file = "truststore-0.10.4-py3-none-any.whl", hash = "sha256:adaeaecf1cbb5f4de3b1959b42d41f6fab57b2b1666adb59e89cb0b53361d981"},
    {file = "truststore-0.10.4.tar.gz", hash = "sha256:9d91bd436463ad5e4ee4aba766628dd6cd7010cf3e2461756b3303710eebc301"},
]

[[package]]
name = "typing-extensions"
version = "4.16.0"
requires_python = ">=3.9"
summary = "Backported and Experimental Type Hints for Python 3.9+"
groups = ["default"]
files = [
    {file = "typing_extensions-4.16.0-py3-none-any.whl", hash = "sha256:481caa481374e813c1b176ada14e97f1f67a4539ce9cfeb3f350d78d6370c2e8"},
    {file = "typing_extensions-4.16.0.tar.gz", hash = "sha256:dc983d19a509c94dba722ee6abd33940f7c05a89e243c47e907eb4db6f1a43e5"},
]

[[package]]
name = "ujson"
version = "5.13.0"
requires_python = ">=3.10"
summary = "Ultra fast JSON encoder and decoder for Python"
groups = ["default"]
marker = "sys_platform != \"win32\" and implementation_name == \"cpython\""
files = [
    {file = "ujson-5.13.0-cp313-cp313-macosx_10_13_x86_64.whl", hash = "sha256:46998fc8d11aec34a20e2010905e7059732a3d192d9a3c3fe4f9ffd146c87ec8"},
    {file = "ujson-5.13.0-cp313-cp313-macosx_11_0_arm64.whl", hash = "sha256:ee03ce288ba25b05cf0de87203165642277a25caa4f00a437e13152e5214e310"},
    {file = "ujson-5.13.0-cp313-cp313-manylinux1_i686.manylinux2014_i686.manylinux_2_17_i686.manylinux_2_5_i686.whl", hash = "sha256:cdf33b588a81b05d0b585c66f83050c49cb670623424d10e4d1ad37ba2f7eed9"},
    {file = "ujson-5.13.0-cp313-cp313-manylinux2014_aarch64.manylinux_2_17_aarch64.whl", hash = "sha256:4cabd73c114ce93c21d7db2e2d8e16217fd8a5b2b3ec754629eebef5c262d47f"},
    {file = "ujson-5.13.0-cp313-cp313-manylinux2014_x86_64.manylinux_2_17_x86_64.whl", hash = "sha256:ffc61fc756a64f4d169a78cc638d769e3c324f45fc51997626abf4e5e5dd6460"},
    {file = "ujson-5.13.0-cp313-cp313-manylinux_2_24_aarch64.manylinux_2_28_aarch64.whl", hash = "sha256:2c00323c13a35822c9a67a26c0b2a0787510bf1ef490922b58009b362d1a3e21"},
    {file = "ujson-5.13.0-cp313-cp313-manylinux_2_24_x86_64.manylinux_2_28_x86_64.whl", hash = "sha256:496e662a6b46d5f936d77fb68259cece19213bb2301ddd520dbd75ac7c90c5f4"},
    {file = "ujson-5.13.0-cp313-cp313-musllinux_1_2_aarch64.whl", hash = "sha256:7fd41b86444df14f8b4b7afaaa9f27bacfbf8c18380872317aeab6cd125dcede"},
    {file = "ujson-5.13.0-cp313-cp313-musllinux_1_2_i686.whl", hash = "sha256:bf3c2c4ea55d4187903fcdc689a9bf5b0fc72d8c0eaff39db18c1f337c8832c1"},
    {file = "ujson-5.13.0-cp313-cp313-musllinux_1_2_x86_64.whl", hash = "sha256:b6eca7751d61045a9b1e7f9a8c97ac24b164f085b60bef1c4668654bb2338011"},
    {file = "ujson-5.13.0-cp313-cp313-win32.whl", hash = "sha256:b63d3820f978bc8e98cc3f1fe26a33b0d2ea237733a23fe5e9cb5d51f466bd97"},
    {file = "ujson-5.13.0-cp313-cp313-win_amd64.whl", hash = "sha256:17a59d5cf23ef98f7c9314524976b4b288374d83200add01d953024fb06404f9"},
    {file = "ujson-5.13.0-cp313-cp313-win_arm64.whl", hash = "sha256:b49516fbe803ff30d6caa9ccc3799ec7f968992747ce3099eae4758928577b53"},
    {file = "ujson-5.13.0.tar.gz", hash = "sha256:d62e3d7625384c08082abad81a077af587fdef2761bb14c3822f4234b8d07d75"},
]

[[package]]
name = "uvloop"
version = "0.22.1"
requires_python = ">=3.8.1"
summary = "Fast implementation of asyncio event loop on top of libuv"
groups = ["default"]
marker = "sys_platform != \"win32\" and implementation_name == \"cpython\""
files = [
    {file = "uvloop-0.22.1-cp313-cp313-macosx_10_13_universal2.whl", hash = "sha256:561577354eb94200d75aca23fbde86ee11be36b00e52a4eaf8f50fb0c86b7705"},
    {file = "uvloop-0.22.1-cp313-cp313-macosx_10_13_x86_64.whl", hash = "sha256:1cdf5192ab3e674ca26da2eada35b288d2fa49fdd0f357a19f0e7c4e7d5077c8"},
    {file = "uvloop-0.22.1-cp313-cp313-manylinux2014_aarch64.manylinux_2_17_aarch64.manylinux_2_28_aarch64.whl", hash = "sha256:6e2ea3d6190a2968f4a14a23019d3b16870dd2190cd69c8180f7c632d21de68d"},
    {file = "uvloop-0.22.1-cp313-cp313-manylinux2014_x86_64.manylinux_2_17_x86_64.manylinux_2_28_x86_64.whl", hash = "sha256:0530a5fbad9c9e4ee3f2b33b148c6a64d47bbad8000ea63704fa8260f4cf728e"},
    {file = "uvloop-0.22.1-cp313-cp313-musllinux_1_2_aarch64.whl", hash = "sha256:bc5ef13bbc10b5335792360623cc378d52d7e62c2de64660616478c32cd0598e"},
    {file = "uvloop-0.22.1-cp313-cp313-musllinux_1_2_x86_64.whl", hash = "sha256:1f38ec5e3f18c8a10ded09742f7fb8de0108796eb673f30ce7762ce1b8550cad"},
    {file = "uvloop-0.22.1.tar.gz", hash = "sha256:6c84bae345b9147082b17371e3dd5d42775bddce91f885499017f4607fdaf39f"},
]

[[package]]
name = "websockets"
version = "17.1"
requires_python = ">=3.11"
summary = "An implementation of the WebSocket Protocol (RFC 6455 & 7692)"
groups = ["default"]
files = [
    {file = "websockets-17.1-cp313-cp313-macosx_10_13_universal2.whl", hash = "sha256:2a0162a6372110a5601cb5c9fd826635cedf69f3e110c545dd19774e040b970e"},
    {file = "websockets-17.1-cp313-cp313-macosx_10_13_x86_64.whl", hash = "sha256:829dba1bc049779de9b332088c1a6a9858e96bd67e50b6b644a95e02b67836bc"},
    {file = "websockets-17.1-cp313-cp313-macosx_11_0_arm64.whl", hash = "sha256:fd8f47dbf2e8adb15c847215f83436de3fdb120b51fdae0fbbdf69fd97a3ad80"},
    {file = "websockets-17.1-cp313-cp313-manylinux1_i686.manylinux_2_28_i686.manylinux_2_5_i686.whl", hash = "sha256:9f4c0377a83e163a303514fdfab501dbe379bdc13e5b9312a91d112658b29dce"},
    {file = "websockets-17.1-cp313-cp313-manylinux1_x86_64.manylinux_2_28_x86_64.manylinux_2_5_x86_64.whl", hash = "sha256:c3241d684a76eaaef8b2dc789afde4343cd3aad55ea81e4e8ab3605b529bae51"},
    {file = "websockets-17.1-cp313-cp313-manylinux2014_aarch64.manylinux_2_17_aarch64.manylinux_2_28_aarch64.whl", hash = "sha256:e5f5c7a893507d0e83a80b88aefd6522f7e882cd53f9722c6f23f5a020c9557c"},
    {file = "websockets-17.1-cp313-cp313-manylinux2014_armv7l.manylinux_2_17_armv7l.manylinux_2_31_armv7l.whl", hash = "sha256:00bf34b64501e3477e81fc281532ff3cbf4da26633c10b63979d5085d46602d3"},
    {file = "websockets-17.1-cp313-cp313-manylinux2014_ppc64le.manylinux_2_17_ppc64le.manylinux_2_28_ppc64le.whl", hash = "sha256:ce0305b702b20d1e1d60a9aaace6bc89970e1753565543f310d549eab22c2435"},
    {file = "websockets-17.1-cp313-cp313-manylinux2014_s390x.manylinux_2_17_s390x.manylinux_2_28_s390x.whl", hash = "sha256:29176d8b429cfa0fa443c473878d37a5c06cfd0cb36b71ba4314accc71e05906"},
    {file = "websockets-17.1-cp313-cp313-manylinux_2_31_riscv64.manylinux_2_39_riscv64.whl", hash = "sha256:3709a1ab30b4b922027d22f68d2b61a0656a91680ac894a537624e6be7dd7f7c"},
    {file = "websockets-17.1-cp313-cp313-musllinux_1_2_aarch64.whl", hash = "sha256:43bd0c1ceb924d67f5c1a5254d8361dd9d94246e6331a726064dfa2917880780"},
    {file = "websockets-17.1-cp313-cp313-musllinux_1_2_armv7l.whl", hash = "sha256:1fce0f43e0d41422e0b2cad6561e1970df22f212f4c7e884967df7cf591b031c"},
    {file = "websockets-17.1-cp313-cp313-musllinux_1_2_i686.whl", hash = "sha256:4031152769179ab8dcdeafc7b0e58052a49117560a28671700b47b2c7b717aad"},
    {file = "websockets-17.1-cp313-cp313-musllinux_1_2_ppc64le.whl", hash = "sha256:a06f3b5085176763182449559e20391d7ce616a8972a9f7a33deda87ea6d4f3c"},
    {file = "websockets-17.1-cp313-cp313-musllinux_1_2_riscv64.whl", hash = "sha256:77b37cceca17291897c3c73bd30a7c7c7909593554b5da574ec852af83c1742a"},
    {file = "websockets-17.1-cp313-cp313-musllinux_1_2_s390x.whl", hash = "sha256:d8e83333385cac6030a5167fd18bf96cc6c58b914c308e683f05b0cf94bc8dd0"},
    {file = "websockets-17.1-cp313-cp313-musllinux_1_2_x86_64.whl", hash = "sha256:073c5c3f7e127041fa9d34a9e29ceefee8c3cafbd267ed2927318f425144380d"},
    {file = "websockets-17.1-cp313-cp313-win32.whl", hash = "sha256:2afb58c7ba48b329d56769f8dfd89f394efe587b65ef806bae810a484d6d3608"},
    {file = "websockets-17.1-cp313-cp313-win_amd64.whl", hash = "sha256:0340bbef6bfbe16da888b3983d666a4db4954ac3253c38f13bc7aba0c7db5a2f"},
    {file = "websockets-17.1-cp313-cp313-win_arm64.whl", hash = "sha256:7a72efa3bf4fa3a6669a54420a472ad056da3973d827f10e3a536da463f926c2"},
    {file = "websockets-17.1-py3-none-any.whl", hash = "sha256:f221081107b8c48184d99f7019604486376e7ef826037e70aad6b02540732c23"},
    {file = "websockets-17.1.tar.gz", hash = "sha256:acfea4c20bf54384883ea33b1240fc1db4f52e190823a4e2b334bc3e8bfca96a"},
]

[[package]]
name = "yarl"
version = "1.24.5"
requires_python = ">=3.10"
summary = "Yet another URL library"
groups = ["default"]
dependencies = [
    "idna>=2.0",
    "multidict>=4.0",
    "propcache>=0.2.1",
]
files = [
    {file = "yarl-1.24.5-cp313-cp313-macosx_10_13_universal2.whl", hash = "sha256:79af890482fc94648e8cde4c68620378f7fef60932710fa17a66abc039244da2"},
    {file = "yarl-1.24.5-cp313-cp313-macosx_10_13_x86_64.whl", hash = "sha256:46c2f213e23a04b93a392942d782eb9e413e6ef6bf7c8c53884e599a5c174dcb"},
    {file = "yarl-1.24.5-cp313-cp313-macosx_11_0_arm64.whl", hash = "sha256:92ab3e11448f2ff7bf53c5a26eff0edc086898ec8b21fb154b85839ce1d88075"},
    {file = "yarl-1.24.5-cp313-cp313-manylinux2014_aarch64.manylinux_2_17_aarch64.manylinux_2_28_aarch64.whl", hash = "sha256:ebb0ec7f17803063d5aeb982f3b1bd2b2f4e4fae6751226cbd6ba1fcfe9e63ff"},
    {file = "yarl-1.24.5-cp313-cp313-manylinux2014_armv7l.manylinux_2_17_armv7l.manylinux_2_31_armv7l.whl", hash = "sha256:82632daed195dcc8ea664e8556dc9bdbd671960fb3776bd92806ce05792c2448"},
    {file = "yarl-1.24.5-cp313-cp313-manylinux2014_ppc64le.manylinux_2_17_ppc64le.manylinux_2_28_ppc64le.whl", hash = "sha256:53e549287ef628fecba270045c9701b0c564563a9b0577d24a4ec75b8ab8040f"},
    {file = "yarl-1.24.5-cp313-cp313-manylinux2014_s390x.manylinux_2_17_s390x.manylinux_2_28_s390x.whl", hash = "sha256:fcd3b77e2f17bbe4ca56ec7bcb07992647d19d0b9c05d84886dcd6f9eb810afd"},
    {file = "yarl-1.24.5-cp313-cp313-manylinux2014_x86_64.manylinux_2_17_x86_64.manylinux_2_28_x86_64.whl", hash = "sha256:d46b86567dd4e248c6c159fcbcdcce01e0a5c8a7cd2334a0fff759d0fa075b16"},
    {file = "yarl-1.24.5-cp313-cp313-manylinux_2_31_riscv64.manylinux_2_39_riscv64.whl", hash = "sha256:7f72c74aa99359e27a2ee8d6613fefa28b5f76a983c083074dfc2aaa4ab46213"},
    {file = "yarl-1.24.5-cp313-cp313-musllinux_1_2_aarch64.whl", hash = "sha256:3f45789ce415a7ec0820dc4f82925f9b5f7732070be1dec1f5f23ec381435a24"},
    {file = "yarl-1.24.5-cp313-cp313-musllinux_1_2_armv7l.whl", hash = "sha256:6e73e7fe93f17a7b191f52ec9da9dd8c06a8fe735a1ecbd13b97d1c723bff385"},
    {file = "yarl-1.24.5-cp313-cp313-musllinux_1_2_ppc64le.whl", hash = "sha256:4a36f9becdd4c5c52a20c3e9484128b070b1dcfc8944c006f3a528295a359a9c"},
    {file = "yarl-1.24.5-cp313-cp313-musllinux_1_2_riscv64.whl", hash = "sha256:7bcbe0fcf850eae67b6b01749815a4f7161c560a844c769ad7b48fcd99f791c4"},
    {file = "yarl-1.24.5-cp313-cp313-musllinux_1_2_s390x.whl", hash = "sha256:24e861e9630e0daddcb9191fb187f60f034e17a4426f8101279f0c475cd74144"},
    {file = "yarl-1.24.5-cp313-cp313-musllinux_1_2_x86_64.whl", hash = "sha256:9335a099ad87287c37fe5d1a982ff392fa5efe5d14b40a730b1ec1d6a41382b4"},
    {file = "yarl-1.24.5-cp313-cp313-win_amd64.whl", hash = "sha256:2dbe06fc16bc91502bca713704022182e5729861ae00277c3a23354b40929740"},
    {file = "yarl-1.24.5-cp313-cp313-win_arm64.whl", hash = "sha256:6b8536851f9f65e7f00c7a1d49ba7f2be0ffe2c11555367fc9f50d9f842410a1"},
    {file = "yarl-1.24.5-py3-none-any.whl", hash = "sha256:a33700d13d9b7d84fd10947b09ff69fb9a792e519c8cb9764a3ca70baa6c23a7"},
    {file = "yarl-1.24.5.tar.gz", hash = "sha256:e81b83143bee16329c23db3c1b2d82b29892fcbcb849186d2f6e98a5abe9a57f"},
]
